<?xml version="1.0" encoding="utf-8"?>
<Project ToolsVersion="16.0" xmlns="http://schemas.microsoft.com/developer/msbuild/2003">
  <ItemGroup>
    <ClCompile Include="Game\TestPlayer.cpp">
      <Filter>Game</Filter>
    </ClCompile>
    <ClCompile Include="Game\TestUI.cpp">
      <Filter>Game</Filter>
    </ClCompile>
    <ClCompile Include="Game\EngineInterface.cpp">
      <Filter>Game</Filter>
    </ClCompile>
    <ClCompile Include="Engine\OpenGLRenderer\Camera.cpp">
      <Filter>Engine\OpenGLRenderer</Filter>
    </ClCompile>
    <ClCompile Include="Engine\OpenGLRenderer\Batcher.cpp">
      <Filter>Engine\OpenGLRenderer</Filter>
    </ClCompile>
    <ClCompile Include="Engine\OpenGLRenderer\Texture.cpp">
      <Filter>Engine\OpenGLRenderer</Filter>
    </ClCompile>
    <ClCompile Include="Engine\OpenGLRenderer\Renderer.cpp">
      <Filter>Engine\OpenGLRenderer</Filter>
    </ClCompile>
    <ClCompile Include="Engine\OpenGLRenderer\RenderBuffer.cpp">
      <Filter>Engine\OpenGLRenderer</Filter>
    </ClCompile>
    <ClCompile Include="Engine\OpenGLRenderer\Mesh.cpp">
      <Filter>Engine\OpenGLRenderer</Filter>
    </ClCompile>
    <ClCompile Include="Engine\OpenGLRenderer\Material.cpp">
      <Filter>Engine\OpenGLRenderer</Filter>
    </ClCompile>
    <ClCompile Include="Engine\OpenGLRenderer\InputControl.cpp">
      <Filter>Engine\OpenGLRenderer</Filter>
    </ClCompile>
    <ClCompile Include="D:\Ilkka\Documents\Visual Studio 2019\Game\Engine\OpenGLRenderer\ext\glfw-3.3.2\deps\glad_gl.c">
      <Filter>Engine\OpenGLRenderer</Filter>
    </ClCompile>
    <ClCompile Include="Engine\UI\UIElements.cpp">
      <Filter>Engine\UI</Filter>
    </ClCompile>
    <ClCompile Include="Engine\UI\UIHolder.cpp">
      <Filter>Engine\UI</Filter>
    </ClCompile>
    <ClCompile Include="Engine\Objects\Actor.cpp">
      <Filter>Engine\Objects</Filter>
    </ClCompile>
    <ClCompile Include="Engine\Objects\BaseObject.cpp">
      <Filter>Engine\Objects</Filter>
    </ClCompile>
    <ClCompile Include="Engine\BasicTypes.cpp">
      <Filter>Engine\Private</Filter>
    </ClCompile>
    <ClCompile Include="Engine\Core.cpp">
      <Filter>Engine\Private</Filter>
    </ClCompile>
    <ClCompile Include="Engine\GameLoop.cpp">
      <Filter>Engine\Private</Filter>
    </ClCompile>
    <ClCompile Include="Engine\GarbageCollector.cpp">
      <Filter>Engine\Private</Filter>
    </ClCompile>
    <ClCompile Include="Engine\IRender.cpp">
      <Filter>Engine\Private</Filter>
    </ClCompile>
    <ClCompile Include="D:\Ilkka\Documents\Visual Studio 2019\Game\Engine\Launch.cpp">
      <Filter>Engine\Private</Filter>
    </ClCompile>
    <ClCompile Include="Engine\LightData.cpp">
      <Filter>Engine\Private</Filter>
    </ClCompile>
    <ClCompile Include="Engine\Settings.cpp">
      <Filter>Engine\Private</Filter>
    </ClCompile>
    <ClCompile Include="Engine\Gameplay\PlayerController.cpp">
      <Filter>Engine\Gameplay</Filter>
    </ClCompile>
    <ClCompile Include="Engine\Objects\VisibleObject.cpp">
      <Filter>Engine\Objects</Filter>
    </ClCompile>
    <ClCompile Include="Engine\Gameplay\GameState.cpp">
      <Filter>Engine\Gameplay</Filter>
    </ClCompile>
  </ItemGroup>
  <ItemGroup>
    <ClInclude Include="Game\TestPlayer.h">
      <Filter>Game</Filter>
    </ClInclude>
    <ClInclude Include="Game\TestUI.h">
      <Filter>Game</Filter>
    </ClInclude>
    <ClInclude Include="Game\EngineInterface.h">
      <Filter>Game</Filter>
    </ClInclude>
    <ClInclude Include="Engine\OpenGLRenderer\Camera.h">
      <Filter>Engine\OpenGLRenderer</Filter>
    </ClInclude>
    <ClInclude Include="Engine\OpenGLRenderer\Batcher.h">
      <Filter>Engine\OpenGLRenderer</Filter>
    </ClInclude>
    <ClInclude Include="Engine\OpenGLRenderer\Texture.h">
      <Filter>Engine\OpenGLRenderer</Filter>
    </ClInclude>
    <ClInclude Include="Engine\OpenGLRenderer\Renderer.h">
      <Filter>Engine\OpenGLRenderer</Filter>
    </ClInclude>
    <ClInclude Include="Engine\OpenGLRenderer\RenderBuffer.h">
      <Filter>Engine\OpenGLRenderer</Filter>
    </ClInclude>
    <ClInclude Include="Engine\OpenGLRenderer\Mesh.h">
      <Filter>Engine\OpenGLRenderer</Filter>
    </ClInclude>
    <ClInclude Include="Engine\OpenGLRenderer\Material.h">
      <Filter>Engine\OpenGLRenderer</Filter>
    </ClInclude>
    <ClInclude Include="Engine\OpenGLRenderer\InputControl.h">
      <Filter>Engine\OpenGLRenderer</Filter>
    </ClInclude>
    <ClInclude Include="D:\Ilkka\Documents\Visual Studio 2019\Game\Engine\OpenGLRenderer\ext\glfw-3.3.2\deps\glad\gl.h">
      <Filter>Engine\OpenGLRenderer</Filter>
    </ClInclude>
    <ClInclude Include="Engine\IRender.h">
      <Filter>Engine\Public</Filter>
    </ClInclude>
    <ClInclude Include="Engine\LightData.h">
      <Filter>Engine\Public</Filter>
    </ClInclude>
    <ClInclude Include="Engine\Settings.h">
      <Filter>Engine\Public</Filter>
    </ClInclude>
    <ClInclude Include="Engine\GarbageCollector.h">
      <Filter>Engine\Public</Filter>
    </ClInclude>
    <ClInclude Include="Engine\GameLoop.h">
      <Filter>Engine\Public</Filter>
    </ClInclude>
    <ClInclude Include="Engine\Core.h">
      <Filter>Engine\Public</Filter>
    </ClInclude>
    <ClInclude Include="Engine\BasicTypes.h">
      <Filter>Engine\Public</Filter>
    </ClInclude>
    <ClInclude Include="Engine\UI\UIHolder.h">
      <Filter>Engine\UI</Filter>
    </ClInclude>
    <ClInclude Include="Engine\UI\UIElements.h">
      <Filter>Engine\UI</Filter>
    </ClInclude>
    <ClInclude Include="Engine\Objects\BaseObject.h">
      <Filter>Engine\Objects</Filter>
    </ClInclude>
    <ClInclude Include="Engine\Objects\Actor.h">
      <Filter>Engine\Objects</Filter>
    </ClInclude>
    <ClInclude Include="Engine\Gameplay\PlayerController.h">
      <Filter>Engine\Gameplay</Filter>
    </ClInclude>
    <ClInclude Include="Engine\Objects\VisibleObject.h">
      <Filter>Engine\Objects</Filter>
    </ClInclude>
    <ClInclude Include="Engine\Gameplay\GameState.h">
      <Filter>Engine\Gameplay</Filter>
    </ClInclude>
  </ItemGroup>
  <ItemGroup>
    <Filter Include="Engine">
      <UniqueIdentifier>{ba1914de-5aca-4502-aeac-96fea3f0f6c7}</UniqueIdentifier>
    </Filter>
    <Filter Include="Game">
      <UniqueIdentifier>{628eadc7-a29a-4682-9640-48415a0b4b47}</UniqueIdentifier>
    </Filter>
    <Filter Include="Engine\Objects">
      <UniqueIdentifier>{152d3fe0-1129-4df3-a2f6-bff199ee1761}</UniqueIdentifier>
    </Filter>
    <Filter Include="Engine\Private">
      <UniqueIdentifier>{b51ff0f1-dad9-49fb-8e78-b5716a5fcb75}</UniqueIdentifier>
    </Filter>
    <Filter Include="Engine\Public">
      <UniqueIdentifier>{894239ee-c456-402e-bfd2-fd13b15ef8ee}</UniqueIdentifier>
    </Filter>
    <Filter Include="Engine\Gameplay">
      <UniqueIdentifier>{f3c51691-f030-4bc6-912c-9e667fbad3af}</UniqueIdentifier>
    </Filter>
    <Filter Include="Engine\OpenGLRenderer">
      <UniqueIdentifier>{ac439353-de39-4705-a422-8558548f38e3}</UniqueIdentifier>
    </Filter>
    <Filter Include="Engine\UI">
      <UniqueIdentifier>{eb7b3ccb-5b68-495c-a151-7e4c5928be3f}</UniqueIdentifier>
    </Filter>
  </ItemGroup>
  <ItemGroup>
    <CustomBuild Include="D:\Ilkka\Documents\Visual Studio 2019\Game\CMakeLists.txt">
      <Filter>Engine</Filter>
    </CustomBuild>
  </ItemGroup>
  <ItemGroup>
    <None Include="ClassDiagram.cd" />
  </ItemGroup>
</Project>