<?xml version="1.0" encoding="utf-8"?>
<Project ToolsVersion="16.0" xmlns="http://schemas.microsoft.com/developer/msbuild/2003">
  <ItemGroup>
    <ClCompile Include="Game\TestPlayer.cpp">
      <Filter>Game</Filter>
    </ClCompile>
    <ClCompile Include="Game\Hunter.cpp">
      <Filter>Game</Filter>
    </ClCompile>
    <ClCompile Include="Engine\Core\Objects\Actor.cpp">
      <Filter>Engine\Objects</Filter>
    </ClCompile>
    <ClCompile Include="Engine\Core\Objects\BaseObject.cpp">
      <Filter>Engine\Objects</Filter>
    </ClCompile>
    <ClCompile Include="Engine\Core\Gameplay\GameState.cpp">
      <Filter>Engine\GamePlay</Filter>
    </ClCompile>
    <ClCompile Include="Engine\Core\Gameplay\PlayerController.cpp">
      <Filter>Engine\GamePlay</Filter>
    </ClCompile>
    <ClCompile Include="Engine\Core\Objects\InstancedObject.cpp">
      <Filter>Engine\Objects</Filter>
    </ClCompile>
    <ClCompile Include="Engine\Core\Objects\MovementComponent.cpp">
      <Filter>Engine\Objects</Filter>
    </ClCompile>
    <ClCompile Include="Engine\Core\Objects\Terrain.cpp">
      <Filter>Engine\Objects</Filter>
    </ClCompile>
    <ClCompile Include="Engine\Core\Objects\VisibleObject.cpp">
      <Filter>Engine\Objects</Filter>
    </ClCompile>
    <ClCompile Include="Engine\Core\BasicTypes.cpp">
      <Filter>Engine\Private</Filter>
    </ClCompile>
    <ClCompile Include="Engine\RenderCore\OpenGL\Camera.cpp">
      <Filter>Engine\OpenGL</Filter>
    </ClCompile>
    <ClCompile Include="Engine\Core\GameLoop.cpp">
      <Filter>Engine\Private</Filter>
    </ClCompile>
    <ClCompile Include="Engine\Core\GarbageCollector.cpp">
      <Filter>Engine\Private</Filter>
    </ClCompile>
    <ClCompile Include="Engine\Core\Physics.cpp">
      <Filter>Engine\Private</Filter>
    </ClCompile>
    <ClCompile Include="Engine\Core\Settings.cpp">
      <Filter>Engine\Private</Filter>
    </ClCompile>
    <ClCompile Include="Engine\Core\Timer.cpp">
      <Filter>Engine\Private</Filter>
    </ClCompile>
    <ClCompile Include="Engine\Core\WinConsole.cpp">
      <Filter>Engine\Private</Filter>
    </ClCompile>
    <ClCompile Include="Engine\Core\Launch.cpp">
      <Filter>Engine\Private</Filter>
    </ClCompile>
    <ClCompile Include="Engine\Core\Core.cpp">
      <Filter>Engine\Private</Filter>
    </ClCompile>
    <ClCompile Include="Engine\RenderCore\OpenGL\RenderBuffer.cpp">
      <Filter>Engine\OpenGL</Filter>
    </ClCompile>
    <ClCompile Include="Engine\RenderCore\OpenGL\Renderer.cpp">
      <Filter>Engine\OpenGL</Filter>
    </ClCompile>
    <ClCompile Include="Engine\RenderCore\OpenGL\Texture.cpp">
      <Filter>Engine\OpenGL</Filter>
    </ClCompile>
    <ClCompile Include="Engine\RenderCore\OpenGL\Mesh.cpp">
      <Filter>Engine\OpenGL</Filter>
    </ClCompile>
    <ClCompile Include="Engine\RenderCore\OpenGL\Material.cpp">
      <Filter>Engine\OpenGL</Filter>
    </ClCompile>
    <ClCompile Include="Engine\RenderCore\OpenGL\InputControl.cpp">
      <Filter>Engine\OpenGL</Filter>
    </ClCompile>
    <ClCompile Include="Engine\Core\Objects\SceneComponent.cpp">
      <Filter>Engine\Objects</Filter>
    </ClCompile>
    <ClCompile Include="Engine\external\glfw\deps\glad_gl.c">
      <Filter>Engine\OpenGL</Filter>
    </ClCompile>
    <ClCompile Include="Engine\Core\ECS\EntityManager.cpp">
      <Filter>Engine\ECS</Filter>
    </ClCompile>
    <ClCompile Include="Engine\Core\ECS\SystemsManager.cpp">
      <Filter>Engine\ECS</Filter>
    </ClCompile>
    <ClCompile Include="Engine\Core\Gameplay\Scene.cpp">
      <Filter>Engine\Private</Filter>
    </ClCompile>
    <ClCompile Include="Engine\Interface\WindowManager.cpp">
      <Filter>Engine\Private</Filter>
    </ClCompile>
    <ClCompile Include="Engine\Interface\IECS.cpp">
      <Filter>Engine\Interface</Filter>
    </ClCompile>
    <ClCompile Include="Engine\RenderCore\OpenGL\UI\UIComponent.cpp">
      <Filter>Engine\OpenGL\UI</Filter>
    </ClCompile>
    <ClCompile Include="Engine\RenderCore\OpenGL\UI\UISpace.cpp">
      <Filter>Engine\OpenGL\UI</Filter>
    </ClCompile>
    <ClCompile Include="Engine\RenderCore\OpenGL\UI\Panel.cpp">
      <Filter>Engine\OpenGL\UI</Filter>
    </ClCompile>
    <ClCompile Include="Engine\RenderCore\OpenGL\UI\UI.cpp">
      <Filter>Engine\OpenGL\UI</Filter>
    </ClCompile>
    <ClCompile Include="Game\TestUI.cpp">
      <Filter>Game</Filter>
    </ClCompile>
    <ClCompile Include="Engine\RenderCore\OpenGL\UI\Image.cpp">
      <Filter>Engine\OpenGL\UI</Filter>
    </ClCompile>
    <ClCompile Include="Engine\RenderCore\OpenGL\UI\Text.cpp">
      <Filter>Engine\OpenGL\UI</Filter>
    </ClCompile>
    <ClCompile Include="Engine\RenderCore\OpenGL\UI\Button.cpp">
      <Filter>Engine\OpenGL\UI</Filter>
    </ClCompile>
    <ClCompile Include="Engine\RenderCore\OpenGL\UI\TextBox.cpp">
      <Filter>Engine\OpenGL\UI</Filter>
    </ClCompile>
    <ClCompile Include="Engine\Interface\FileManager.cpp" />
    <ClCompile Include="Game\FPSCounter.cpp">
      <Filter>Game</Filter>
    </ClCompile>
    <ClCompile Include="Engine\Core\ObjectManager.cpp">
      <Filter>Engine\Interface</Filter>
    </ClCompile>
    <ClCompile Include="Engine\Interface\FileManager.cpp">
      <Filter>Engine\Interface</Filter>
    </ClCompile>
    <ClCompile Include="Engine\Interface\IRender.cpp">
      <Filter>Engine\Interface</Filter>
    </ClCompile>
    <ClCompile Include="Game\EngineInterface.cpp">
      <Filter>Game</Filter>
    </ClCompile>
    <ClCompile Include="Engine\Core\LightData.cpp">
      <Filter>Engine\Deprecated</Filter>
    </ClCompile>
    <ClCompile Include="Game\ECS_Examples\ECSExample.cpp">
      <Filter>Game\ECSExamples</Filter>
    </ClCompile>
  </ItemGroup>
  <ItemGroup>
    <Filter Include="Engine">
      <UniqueIdentifier>{7342fc3c-6d01-494a-a680-080c5267f5be}</UniqueIdentifier>
    </Filter>
    <Filter Include="Engine\Public">
      <UniqueIdentifier>{8edf9179-3f4e-4d90-8608-b5cafe1caf30}</UniqueIdentifier>
    </Filter>
    <Filter Include="Engine\Private">
      <UniqueIdentifier>{d29e673c-6876-44f2-8a94-2f97f6779534}</UniqueIdentifier>
    </Filter>
    <Filter Include="Engine\Objects">
      <UniqueIdentifier>{e8f6e111-d278-4fea-b63e-e883ad8de87a}</UniqueIdentifier>
    </Filter>
    <Filter Include="Game">
      <UniqueIdentifier>{a3bd1c7f-6d77-46fc-a244-25d7f744f2c9}</UniqueIdentifier>
    </Filter>
    <Filter Include="Engine\GamePlay">
      <UniqueIdentifier>{e29abf93-90c0-4074-9f16-9dbe2439f940}</UniqueIdentifier>
    </Filter>
    <Filter Include="Engine\OpenGL">
      <UniqueIdentifier>{1a8dd4f1-9c5c-40d8-8a15-89a92e8920dd}</UniqueIdentifier>
    </Filter>
    <Filter Include="Engine\ECS">
      <UniqueIdentifier>{ee669dbc-1437-4613-b8e8-9420e11f382e}</UniqueIdentifier>
    </Filter>
    <Filter Include="Engine\ECS\Systems">
      <UniqueIdentifier>{d736ca87-ac68-4580-9866-30ec99950895}</UniqueIdentifier>
    </Filter>
    <Filter Include="Engine\ECS\Components">
      <UniqueIdentifier>{2e41f838-8014-47c1-8a2d-e5a2d8acb614}</UniqueIdentifier>
    </Filter>
    <Filter Include="Engine\Interface">
      <UniqueIdentifier>{c027575f-3d8c-4b86-b7f2-5185d17ad1a3}</UniqueIdentifier>
    </Filter>
    <Filter Include="Engine\OpenGL\UI">
      <UniqueIdentifier>{3244437c-caa9-4877-ba7a-a047bf86f946}</UniqueIdentifier>
    </Filter>
    <Filter Include="Engine\Deprecated">
      <UniqueIdentifier>{81affc60-0a93-4279-86e2-3f0b96432cee}</UniqueIdentifier>
    </Filter>
    <Filter Include="Game\ECSExamples">
      <UniqueIdentifier>{c8e82cee-858e-4003-9acc-8d4f0c477561}</UniqueIdentifier>
    </Filter>
    <Filter Include="Game\ECSExamples\Components">
      <UniqueIdentifier>{9396e3fc-5c63-4a13-906f-db6658fb8090}</UniqueIdentifier>
    </Filter>
    <Filter Include="Game\ECSExamples\Systems">
      <UniqueIdentifier>{79204ca8-a3de-490a-8718-506adad13f46}</UniqueIdentifier>
    </Filter>
  </ItemGroup>
  <ItemGroup>
    <ClInclude Include="Game\TestPlayer.h">
      <Filter>Game</Filter>
    </ClInclude>
    <ClInclude Include="Game\Hunter.h">
      <Filter>Game</Filter>
    </ClInclude>
    <ClInclude Include="Engine\Core\Objects\Actor.h">
      <Filter>Engine\Objects</Filter>
    </ClInclude>
    <ClInclude Include="Engine\Core\Objects\BaseObject.h">
      <Filter>Engine\Objects</Filter>
    </ClInclude>
    <ClInclude Include="Engine\Core\Gameplay\GameState.h">
      <Filter>Engine\GamePlay</Filter>
    </ClInclude>
    <ClInclude Include="Engine\Core\Gameplay\PlayerController.h">
      <Filter>Engine\GamePlay</Filter>
    </ClInclude>
    <ClInclude Include="Engine\Core\Objects\InstancedObject.h">
      <Filter>Engine\Objects</Filter>
    </ClInclude>
    <ClInclude Include="Engine\Core\Objects\MovementComponent.h">
      <Filter>Engine\Objects</Filter>
    </ClInclude>
    <ClInclude Include="Engine\Core\Objects\Terrain.h">
      <Filter>Engine\Objects</Filter>
    </ClInclude>
    <ClInclude Include="Engine\Core\Objects\VisibleObject.h">
      <Filter>Engine\Objects</Filter>
    </ClInclude>
    <ClInclude Include="Engine\Core\BasicTypes.h">
      <Filter>Engine\Public</Filter>
    </ClInclude>
    <ClInclude Include="Engine\Core\Core.h">
      <Filter>Engine\Public</Filter>
    </ClInclude>
    <ClInclude Include="Engine\Core\GameLoop.h">
      <Filter>Engine\Public</Filter>
    </ClInclude>
    <ClInclude Include="Engine\Core\GarbageCollector.h">
      <Filter>Engine\Public</Filter>
    </ClInclude>
    <ClInclude Include="Engine\Core\Physics.h">
      <Filter>Engine\Public</Filter>
    </ClInclude>
    <ClInclude Include="Engine\Core\Settings.h">
      <Filter>Engine\Public</Filter>
    </ClInclude>
    <ClInclude Include="Engine\Core\Timer.h">
      <Filter>Engine\Public</Filter>
    </ClInclude>
    <ClInclude Include="Engine\Core\WinConsole.h">
      <Filter>Engine\Public</Filter>
    </ClInclude>
    <ClInclude Include="Engine\RenderCore\OpenGL\include\Camera.h">
      <Filter>Engine\OpenGL</Filter>
    </ClInclude>
    <ClInclude Include="Engine\RenderCore\OpenGL\include\RenderBuffer.h">
      <Filter>Engine\OpenGL</Filter>
    </ClInclude>
    <ClInclude Include="Engine\RenderCore\OpenGL\include\Renderer.h">
      <Filter>Engine\OpenGL</Filter>
    </ClInclude>
    <ClInclude Include="Engine\RenderCore\OpenGL\include\Texture.h">
      <Filter>Engine\OpenGL</Filter>
    </ClInclude>
    <ClInclude Include="Engine\RenderCore\OpenGL\include\Mesh.h">
      <Filter>Engine\OpenGL</Filter>
    </ClInclude>
    <ClInclude Include="Engine\RenderCore\OpenGL\include\Material.h">
      <Filter>Engine\OpenGL</Filter>
    </ClInclude>
    <ClInclude Include="Engine\RenderCore\OpenGL\include\InputControl.h">
      <Filter>Engine\OpenGL</Filter>
    </ClInclude>
    <ClInclude Include="Engine\Core\Objects\SceneComponent.h">
      <Filter>Engine\Objects</Filter>
    </ClInclude>
    <ClInclude Include="Engine\external\glfw\deps\glad\gl.h">
      <Filter>Engine\OpenGL</Filter>
    </ClInclude>
    <ClInclude Include="Engine\Core\ECS\ComponentManager.h">
      <Filter>Engine\ECS</Filter>
    </ClInclude>
    <ClInclude Include="Engine\Core\ECS\Component.h">
      <Filter>Engine\ECS</Filter>
    </ClInclude>
    <ClInclude Include="Engine\Core\ECS\EntityManager.h">
      <Filter>Engine\ECS</Filter>
    </ClInclude>
    <ClInclude Include="Engine\Core\ECS\Entity.h">
      <Filter>Engine\ECS</Filter>
    </ClInclude>
    <ClInclude Include="Engine\Core\ECS\SystemsManager.h">
      <Filter>Engine\ECS</Filter>
    </ClInclude>
    <ClInclude Include="Engine\Core\ECS\System.h">
      <Filter>Engine\ECS</Filter>
    </ClInclude>
    <ClInclude Include="Engine\Core\ECS\Components\LightComponent.h">
      <Filter>Engine\ECS\Components</Filter>
    </ClInclude>
    <ClInclude Include="Engine\Core\ECS\Systems\LightControllerSystem.h">
      <Filter>Engine\ECS\Systems</Filter>
    </ClInclude>
    <ClInclude Include="Engine\Core\Gameplay\Scene.h">
      <Filter>Engine\Public</Filter>
    </ClInclude>
    <ClInclude Include="Engine\Interface\WindowManager.h">
      <Filter>Engine\Public</Filter>
    </ClInclude>
    <ClInclude Include="Engine\Core\ECS\ComponentTypeStorage.h">
      <Filter>Engine\ECS</Filter>
    </ClInclude>
    <ClInclude Include="Engine\Interface\IECS.h">
      <Filter>Engine\Interface</Filter>
    </ClInclude>
    <ClInclude Include="Engine\RenderCore\OpenGL\UI\UIComponent.h">
      <Filter>Engine\OpenGL\UI</Filter>
    </ClInclude>
    <ClInclude Include="Engine\RenderCore\OpenGL\UI\UISpace.h">
      <Filter>Engine\OpenGL\UI</Filter>
    </ClInclude>
    <ClInclude Include="Engine\RenderCore\OpenGL\include\UI\UI.h">
      <Filter>Engine\OpenGL\UI</Filter>
    </ClInclude>
    <ClInclude Include="Game\TestUI.h">
      <Filter>Game</Filter>
    </ClInclude>
    <ClInclude Include="Engine\RenderCore\OpenGL\include\UI\Panel.h">
      <Filter>Engine\OpenGL\UI</Filter>
    </ClInclude>
    <ClInclude Include="Engine\RenderCore\OpenGL\include\UI\Text.h">
      <Filter>Engine\OpenGL\UI</Filter>
    </ClInclude>
    <ClInclude Include="Engine\RenderCore\OpenGL\include\UI\TextBox.h">
      <Filter>Engine\OpenGL\UI</Filter>
    </ClInclude>
    <ClInclude Include="Engine\RenderCore\OpenGL\include\UI\Button.h">
      <Filter>Engine\OpenGL\UI</Filter>
    </ClInclude>
    <ClInclude Include="Engine\RenderCore\OpenGL\include\UI\Image.h">
      <Filter>Engine\OpenGL\UI</Filter>
    </ClInclude>
    <ClInclude Include="Engine\Interface\FileManager.h" />
    <ClInclude Include="Game\FPSCounter.h">
      <Filter>Game</Filter>
    </ClInclude>
    <ClInclude Include="Engine\Interface\IRender.h">
      <Filter>Engine\Interface</Filter>
    </ClInclude>
    <ClInclude Include="Engine\Interface\FileManager.h">
      <Filter>Engine\Interface</Filter>
    </ClInclude>
    <ClInclude Include="Engine\Core\ObjectManager.h">
      <Filter>Engine\Interface</Filter>
    </ClInclude>
    <ClInclude Include="Engine\Core\LightData.h">
      <Filter>Engine\Deprecated</Filter>
    </ClInclude>
    <ClInclude Include="Game\ECS_Examples\ECSExample.h">
      <Filter>Game\ECSExamples</Filter>
    </ClInclude>
    <ClInclude Include="Game\ECS_Examples\Systems\MovementSystem.h">
      <Filter>Game\ECSExamples\Systems</Filter>
    </ClInclude>
    <ClInclude Include="Game\ECS_Examples\Components\PositionComponent.h">
      <Filter>Game\ECSExamples\Components</Filter>
    </ClInclude>
    <ClInclude Include="Game\EngineInterface.h">
      <Filter>Engine\Interface</Filter>
    </ClInclude>
  </ItemGroup>
</Project>