<?xml version="1.0" encoding="utf-8"?>
<Project ToolsVersion="16.0" xmlns="http://schemas.microsoft.com/developer/msbuild/2003">
  <ItemGroup>
    <CustomBuild Include="$(SolutionDir)\CMakeFiles\2f3c0f619f8e48d2e10f29fb489818c6\INSTALL_force.rule">
      <Filter>CMake Rules</Filter>
    </CustomBuild>
  </ItemGroup>
  <ItemGroup>
    <Filter Include="CMake Rules">
      <UniqueIdentifier>{ECB671CC-D634-3442-89F8-A798D2C5B94B}</UniqueIdentifier>
    </Filter>
  </ItemGroup>
</Project>
